// !$*UTF8*$!
{
	archiveVersion = 1;
	classes = {
	};
	objectVersion = 55;
	objects = {

/* Begin PBXBuildFile section */
		565EF8FF289C230A00E974E1 /* WorkoutsTableViewController.swift in Sources */ = {isa = PBXBuildFile; fileRef = 565EF8FE289C230A00E974E1 /* WorkoutsTableViewController.swift */; };
		565EF901289C233200E974E1 /* WorkoutLogs.swift in Sources */ = {isa = PBXBuildFile; fileRef = 565EF900289C233200E974E1 /* WorkoutLogs.swift */; };
		565EF903289C3ACC00E974E1 /* AddWorkoutViewController.swift in Sources */ = {isa = PBXBuildFile; fileRef = 565EF902289C3ACC00E974E1 /* AddWorkoutViewController.swift */; };
		56B01F622899A0CA006F54BF /* AppDelegate.swift in Sources */ = {isa = PBXBuildFile; fileRef = 56B01F612899A0CA006F54BF /* AppDelegate.swift */; };
		56B01F642899A0CA006F54BF /* SceneDelegate.swift in Sources */ = {isa = PBXBuildFile; fileRef = 56B01F632899A0CA006F54BF /* SceneDelegate.swift */; };
		56B01F662899A0CA006F54BF /* ViewController.swift in Sources */ = {isa = PBXBuildFile; fileRef = 56B01F652899A0CA006F54BF /* ViewController.swift */; };
		56B01F692899A0CA006F54BF /* Main.storyboard in Resources */ = {isa = PBXBuildFile; fileRef = 56B01F672899A0CA006F54BF /* Main.storyboard */; };
		56B01F6C2899A0CA006F54BF /* suPort.xcdatamodeld in Sources */ = {isa = PBXBuildFile; fileRef = 56B01F6A2899A0CA006F54BF /* suPort.xcdatamodeld */; };
		56B01F6E2899A0CB006F54BF /* Assets.xcassets in Resources */ = {isa = PBXBuildFile; fileRef = 56B01F6D2899A0CB006F54BF /* Assets.xcassets */; };
		56B01F712899A0CB006F54BF /* LaunchScreen.storyboard in Resources */ = {isa = PBXBuildFile; fileRef = 56B01F6F2899A0CB006F54BF /* LaunchScreen.storyboard */; };
		56B01F7C2899A0CB006F54BF /* suPortTests.swift in Sources */ = {isa = PBXBuildFile; fileRef = 56B01F7B2899A0CB006F54BF /* suPortTests.swift */; };
		56B01F862899A0CB006F54BF /* suPortUITests.swift in Sources */ = {isa = PBXBuildFile; fileRef = 56B01F852899A0CB006F54BF /* suPortUITests.swift */; };
		56B01F882899A0CB006F54BF /* suPortUITestsLaunchTests.swift in Sources */ = {isa = PBXBuildFile; fileRef = 56B01F872899A0CB006F54BF /* suPortUITestsLaunchTests.swift */; };
/* End PBXBuildFile section */

/* Begin PBXContainerItemProxy section */
		56B01F782899A0CB006F54BF /* PBXContainerItemProxy */ = {
			isa = PBXContainerItemProxy;
			containerPortal = 56B01F562899A0CA006F54BF /* Project object */;
			proxyType = 1;
			remoteGlobalIDString = 56B01F5D2899A0CA006F54BF;
			remoteInfo = suPort;
		};
		56B01F822899A0CB006F54BF /* PBXContainerItemProxy */ = {
			isa = PBXContainerItemProxy;
			containerPortal = 56B01F562899A0CA006F54BF /* Project object */;
			proxyType = 1;
			remoteGlobalIDString = 56B01F5D2899A0CA006F54BF;
			remoteInfo = suPort;
		};
/* End PBXContainerItemProxy section */

/* Begin PBXFileReference section */
		565EF8FE289C230A00E974E1 /* WorkoutsTableViewController.swift */ = {isa = PBXFileReference; lastKnownFileType = sourcecode.swift; path = WorkoutsTableViewController.swift; sourceTree = "<group>"; };
		565EF900289C233200E974E1 /* WorkoutLogs.swift */ = {isa = PBXFileReference; lastKnownFileType = sourcecode.swift; path = WorkoutLogs.swift; sourceTree = "<group>"; };
		565EF902289C3ACC00E974E1 /* AddWorkoutViewController.swift */ = {isa = PBXFileReference; lastKnownFileType = sourcecode.swift; path = AddWorkoutViewController.swift; sourceTree = "<group>"; };
		56B01F5E2899A0CA006F54BF /* suPort.app */ = {isa = PBXFileReference; explicitFileType = wrapper.application; includeInIndex = 0; path = suPort.app; sourceTree = BUILT_PRODUCTS_DIR; };
		56B01F612899A0CA006F54BF /* AppDelegate.swift */ = {isa = PBXFileReference; lastKnownFileType = sourcecode.swift; path = AppDelegate.swift; sourceTree = "<group>"; };
		56B01F632899A0CA006F54BF /* SceneDelegate.swift */ = {isa = PBXFileReference; lastKnownFileType = sourcecode.swift; path = SceneDelegate.swift; sourceTree = "<group>"; };
		56B01F652899A0CA006F54BF /* ViewController.swift */ = {isa = PBXFileReference; lastKnownFileType = sourcecode.swift; path = ViewController.swift; sourceTree = "<group>"; };
		56B01F682899A0CA006F54BF /* Base */ = {isa = PBXFileReference; lastKnownFileType = file.storyboard; name = Base; path = Base.lproj/Main.storyboard; sourceTree = "<group>"; };
		56B01F6B2899A0CA006F54BF /* suPort.xcdatamodel */ = {isa = PBXFileReference; lastKnownFileType = wrapper.xcdatamodel; path = suPort.xcdatamodel; sourceTree = "<group>"; };
		56B01F6D2899A0CB006F54BF /* Assets.xcassets */ = {isa = PBXFileReference; lastKnownFileType = folder.assetcatalog; path = Assets.xcassets; sourceTree = "<group>"; };
		56B01F702899A0CB006F54BF /* Base */ = {isa = PBXFileReference; lastKnownFileType = file.storyboard; name = Base; path = Base.lproj/LaunchScreen.storyboard; sourceTree = "<group>"; };
		56B01F722899A0CB006F54BF /* Info.plist */ = {isa = PBXFileReference; lastKnownFileType = text.plist.xml; path = Info.plist; sourceTree = "<group>"; };
		56B01F772899A0CB006F54BF /* suPortTests.xctest */ = {isa = PBXFileReference; explicitFileType = wrapper.cfbundle; includeInIndex = 0; path = suPortTests.xctest; sourceTree = BUILT_PRODUCTS_DIR; };
		56B01F7B2899A0CB006F54BF /* suPortTests.swift */ = {isa = PBXFileReference; lastKnownFileType = sourcecode.swift; path = suPortTests.swift; sourceTree = "<group>"; };
		56B01F812899A0CB006F54BF /* suPortUITests.xctest */ = {isa = PBXFileReference; explicitFileType = wrapper.cfbundle; includeInIndex = 0; path = suPortUITests.xctest; sourceTree = BUILT_PRODUCTS_DIR; };
		56B01F852899A0CB006F54BF /* suPortUITests.swift */ = {isa = PBXFileReference; lastKnownFileType = sourcecode.swift; path = suPortUITests.swift; sourceTree = "<group>"; };
		56B01F872899A0CB006F54BF /* suPortUITestsLaunchTests.swift */ = {isa = PBXFileReference; lastKnownFileType = sourcecode.swift; path = suPortUITestsLaunchTests.swift; sourceTree = "<group>"; };
/* End PBXFileReference section */

/* Begin PBXFrameworksBuildPhase section */
		56B01F5B2899A0CA006F54BF /* Frameworks */ = {
			isa = PBXFrameworksBuildPhase;
			buildActionMask = 2147483647;
			files = (
			);
			runOnlyForDeploymentPostprocessing = 0;
		};
		56B01F742899A0CB006F54BF /* Frameworks */ = {
			isa = PBXFrameworksBuildPhase;
			buildActionMask = 2147483647;
			files = (
			);
			runOnlyForDeploymentPostprocessing = 0;
		};
		56B01F7E2899A0CB006F54BF /* Frameworks */ = {
			isa = PBXFrameworksBuildPhase;
			buildActionMask = 2147483647;
			files = (
			);
			runOnlyForDeploymentPostprocessing = 0;
		};
/* End PBXFrameworksBuildPhase section */

/* Begin PBXGroup section */
		56B01F552899A0CA006F54BF = {
			isa = PBXGroup;
			children = (
				56B01F602899A0CA006F54BF /* suPort */,
				56B01F7A2899A0CB006F54BF /* suPortTests */,
				56B01F842899A0CB006F54BF /* suPortUITests */,
				56B01F5F2899A0CA006F54BF /* Products */,
			);
			sourceTree = "<group>";
		};
		56B01F5F2899A0CA006F54BF /* Products */ = {
			isa = PBXGroup;
			children = (
				56B01F5E2899A0CA006F54BF /* suPort.app */,
				56B01F772899A0CB006F54BF /* suPortTests.xctest */,
				56B01F812899A0CB006F54BF /* suPortUITests.xctest */,
			);
			name = Products;
			sourceTree = "<group>";
		};
		56B01F602899A0CA006F54BF /* suPort */ = {
			isa = PBXGroup;
			children = (
				56B01F612899A0CA006F54BF /* AppDelegate.swift */,
				56B01F632899A0CA006F54BF /* SceneDelegate.swift */,
				56B01F652899A0CA006F54BF /* ViewController.swift */,
				56B01F672899A0CA006F54BF /* Main.storyboard */,
				565EF902289C3ACC00E974E1 /* AddWorkoutViewController.swift */,
				565EF900289C233200E974E1 /* WorkoutLogs.swift */,
				565EF8FE289C230A00E974E1 /* WorkoutsTableViewController.swift */,
				56B01F6D2899A0CB006F54BF /* Assets.xcassets */,
				56B01F6F2899A0CB006F54BF /* LaunchScreen.storyboard */,
				56B01F722899A0CB006F54BF /* Info.plist */,
				56B01F6A2899A0CA006F54BF /* suPort.xcdatamodeld */,
			);
			path = suPort;
			sourceTree = "<group>";
		};
		56B01F7A2899A0CB006F54BF /* suPortTests */ = {
			isa = PBXGroup;
			children = (
				56B01F7B2899A0CB006F54BF /* suPortTests.swift */,
			);
			path = suPortTests;
			sourceTree = "<group>";
		};
		56B01F842899A0CB006F54BF /* suPortUITests */ = {
			isa = PBXGroup;
			children = (
				56B01F852899A0CB006F54BF /* suPortUITests.swift */,
				56B01F872899A0CB006F54BF /* suPortUITestsLaunchTests.swift */,
			);
			path = suPortUITests;
			sourceTree = "<group>";
		};
/* End PBXGroup section */

/* Begin PBXNativeTarget section */
		56B01F5D2899A0CA006F54BF /* suPort */ = {
			isa = PBXNativeTarget;
			buildConfigurationList = 56B01F8B2899A0CB006F54BF /* Build configuration list for PBXNativeTarget "suPort" */;
			buildPhases = (
				56B01F5A2899A0CA006F54BF /* Sources */,
				56B01F5B2899A0CA006F54BF /* Frameworks */,
				56B01F5C2899A0CA006F54BF /* Resources */,
			);
			buildRules = (
			);
			dependencies = (
			);
			name = suPort;
			productName = suPort;
			productReference = 56B01F5E2899A0CA006F54BF /* suPort.app */;
			productType = "com.apple.product-type.application";
		};
		56B01F762899A0CB006F54BF /* suPortTests */ = {
			isa = PBXNativeTarget;
			buildConfigurationList = 56B01F8E2899A0CB006F54BF /* Build configuration list for PBXNativeTarget "suPortTests" */;
			buildPhases = (
				56B01F732899A0CB006F54BF /* Sources */,
				56B01F742899A0CB006F54BF /* Frameworks */,
				56B01F752899A0CB006F54BF /* Resources */,
			);
			buildRules = (
			);
			dependencies = (
				56B01F792899A0CB006F54BF /* PBXTargetDependency */,
			);
			name = suPortTests;
			productName = suPortTests;
			productReference = 56B01F772899A0CB006F54BF /* suPortTests.xctest */;
			productType = "com.apple.product-type.bundle.unit-test";
		};
		56B01F802899A0CB006F54BF /* suPortUITests */ = {
			isa = PBXNativeTarget;
			buildConfigurationList = 56B01F912899A0CB006F54BF /* Build configuration list for PBXNativeTarget "suPortUITests" */;
			buildPhases = (
				56B01F7D2899A0CB006F54BF /* Sources */,
				56B01F7E2899A0CB006F54BF /* Frameworks */,
				56B01F7F2899A0CB006F54BF /* Resources */,
			);
			buildRules = (
			);
			dependencies = (
				56B01F832899A0CB006F54BF /* PBXTargetDependency */,
			);
			name = suPortUITests;
			productName = suPortUITests;
			productReference = 56B01F812899A0CB006F54BF /* suPortUITests.xctest */;
			productType = "com.apple.product-type.bundle.ui-testing";
		};
/* End PBXNativeTarget section */

/* Begin PBXProject section */
		56B01F562899A0CA006F54BF /* Project object */ = {
			isa = PBXProject;
			attributes = {
				BuildIndependentTargetsInParallel = 1;
				LastSwiftUpdateCheck = 1340;
				LastUpgradeCheck = 1340;
				TargetAttributes = {
					56B01F5D2899A0CA006F54BF = {
						CreatedOnToolsVersion = 13.4.1;
					};
					56B01F762899A0CB006F54BF = {
						CreatedOnToolsVersion = 13.4.1;
						TestTargetID = 56B01F5D2899A0CA006F54BF;
					};
					56B01F802899A0CB006F54BF = {
						CreatedOnToolsVersion = 13.4.1;
						TestTargetID = 56B01F5D2899A0CA006F54BF;
					};
				};
			};
			buildConfigurationList = 56B01F592899A0CA006F54BF /* Build configuration list for PBXProject "suPort" */;
			compatibilityVersion = "Xcode 13.0";
			developmentRegion = en;
			hasScannedForEncodings = 0;
			knownRegions = (
				en,
				Base,
			);
			mainGroup = 56B01F552899A0CA006F54BF;
			productRefGroup = 56B01F5F2899A0CA006F54BF /* Products */;
			projectDirPath = "";
			projectRoot = "";
			targets = (
				56B01F5D2899A0CA006F54BF /* suPort */,
				56B01F762899A0CB006F54BF /* suPortTests */,
				56B01F802899A0CB006F54BF /* suPortUITests */,
			);
		};
/* End PBXProject section */

/* Begin PBXResourcesBuildPhase section */
		56B01F5C2899A0CA006F54BF /* Resources */ = {
			isa = PBXResourcesBuildPhase;
			buildActionMask = 2147483647;
			files = (
				56B01F712899A0CB006F54BF /* LaunchScreen.storyboard in Resources */,
				56B01F6E2899A0CB006F54BF /* Assets.xcassets in Resources */,
				56B01F692899A0CA006F54BF /* Main.storyboard in Resources */,
			);
			runOnlyForDeploymentPostprocessing = 0;
		};
		56B01F752899A0CB006F54BF /* Resources */ = {
			isa = PBXResourcesBuildPhase;
			buildActionMask = 2147483647;
			files = (
			);
			runOnlyForDeploymentPostprocessing = 0;
		};
		56B01F7F2899A0CB006F54BF /* Resources */ = {
			isa = PBXResourcesBuildPhase;
			buildActionMask = 2147483647;
			files = (
			);
			runOnlyForDeploymentPostprocessing = 0;
		};
/* End PBXResourcesBuildPhase section */

/* Begin PBXSourcesBuildPhase section */
		56B01F5A2899A0CA006F54BF /* Sources */ = {
			isa = PBXSourcesBuildPhase;
			buildActionMask = 2147483647;
			files = (
				56B01F6C2899A0CA006F54BF /* suPort.xcdatamodeld in Sources */,
				56B01F662899A0CA006F54BF /* ViewController.swift in Sources */,
				565EF903289C3ACC00E974E1 /* AddWorkoutViewController.swift in Sources */,
				565EF901289C233200E974E1 /* WorkoutLogs.swift in Sources */,
				565EF8FF289C230A00E974E1 /* WorkoutsTableViewController.swift in Sources */,
				56B01F622899A0CA006F54BF /* AppDelegate.swift in Sources */,
				56B01F642899A0CA006F54BF /* SceneDelegate.swift in Sources */,
			);
			runOnlyForDeploymentPostprocessing = 0;
		};
		56B01F732899A0CB006F54BF /* Sources */ = {
			isa = PBXSourcesBuildPhase;
			buildActionMask = 2147483647;
			files = (
				56B01F7C2899A0CB006F54BF /* suPortTests.swift in Sources */,
			);
			runOnlyForDeploymentPostprocessing = 0;
		};
		56B01F7D2899A0CB006F54BF /* Sources */ = {
			isa = PBXSourcesBuildPhase;
			buildActionMask = 2147483647;
			files = (
				56B01F862899A0CB006F54BF /* suPortUITests.swift in Sources */,
				56B01F882899A0CB006F54BF /* suPortUITestsLaunchTests.swift in Sources */,
			);
			runOnlyForDeploymentPostprocessing = 0;
		};
/* End PBXSourcesBuildPhase section */

/* Begin PBXTargetDependency section */
		56B01F792899A0CB006F54BF /* PBXTargetDependency */ = {
			isa = PBXTargetDependency;
			target = 56B01F5D2899A0CA006F54BF /* suPort */;
			targetProxy = 56B01F782899A0CB006F54BF /* PBXContainerItemProxy */;
		};
		56B01F832899A0CB006F54BF /* PBXTargetDependency */ = {
			isa = PBXTargetDependency;
			target = 56B01F5D2899A0CA006F54BF /* suPort */;
			targetProxy = 56B01F822899A0CB006F54BF /* PBXContainerItemProxy */;
		};
/* End PBXTargetDependency section */

/* Begin PBXVariantGroup section */
		56B01F672899A0CA006F54BF /* Main.storyboard */ = {
			isa = PBXVariantGroup;
			children = (
				56B01F682899A0CA006F54BF /* Base */,
			);
			name = Main.storyboard;
			sourceTree = "<group>";
		};
		56B01F6F2899A0CB006F54BF /* LaunchScreen.storyboard */ = {
			isa = PBXVariantGroup;
			children = (
				56B01F702899A0CB006F54BF /* Base */,
			);
			name = LaunchScreen.storyboard;
			sourceTree = "<group>";
		};
/* End PBXVariantGroup section */

/* Begin XCBuildConfiguration section */
		56B01F892899A0CB006F54BF /* Debug */ = {
			isa = XCBuildConfiguration;
			buildSettings = {
				ALWAYS_SEARCH_USER_PATHS = NO;
				CLANG_ANALYZER_NONNULL = YES;
				CLANG_ANALYZER_NUMBER_OBJECT_CONVERSION = YES_AGGRESSIVE;
				CLANG_CXX_LANGUAGE_STANDARD = "gnu++17";
				CLANG_ENABLE_MODULES = YES;
				CLANG_ENABLE_OBJC_ARC = YES;
				CLANG_ENABLE_OBJC_WEAK = YES;
				CLANG_WARN_BLOCK_CAPTURE_AUTORELEASING = YES;
				CLANG_WARN_BOOL_CONVERSION = YES;
				CLANG_WARN_COMMA = YES;
				CLANG_WARN_CONSTANT_CONVERSION = YES;
				CLANG_WARN_DEPRECATED_OBJC_IMPLEMENTATIONS = YES;
				CLANG_WARN_DIRECT_OBJC_ISA_USAGE = YES_ERROR;
				CLANG_WARN_DOCUMENTATION_COMMENTS = YES;
				CLANG_WARN_EMPTY_BODY = YES;
				CLANG_WARN_ENUM_CONVERSION = YES;
				CLANG_WARN_INFINITE_RECURSION = YES;
				CLANG_WARN_INT_CONVERSION = YES;
				CLANG_WARN_NON_LITERAL_NULL_CONVERSION = YES;
				CLANG_WARN_OBJC_IMPLICIT_RETAIN_SELF = YES;
				CLANG_WARN_OBJC_LITERAL_CONVERSION = YES;
				CLANG_WARN_OBJC_ROOT_CLASS = YES_ERROR;
				CLANG_WARN_QUOTED_INCLUDE_IN_FRAMEWORK_HEADER = YES;
				CLANG_WARN_RANGE_LOOP_ANALYSIS = YES;
				CLANG_WARN_STRICT_PROTOTYPES = YES;
				CLANG_WARN_SUSPICIOUS_MOVE = YES;
				CLANG_WARN_UNGUARDED_AVAILABILITY = YES_AGGRESSIVE;
				CLANG_WARN_UNREACHABLE_CODE = YES;
				CLANG_WARN__DUPLICATE_METHOD_MATCH = YES;
				COPY_PHASE_STRIP = NO;
				DEBUG_INFORMATION_FORMAT = dwarf;
				ENABLE_STRICT_OBJC_MSGSEND = YES;
				ENABLE_TESTABILITY = YES;
				GCC_C_LANGUAGE_STANDARD = gnu11;
				GCC_DYNAMIC_NO_PIC = NO;
				GCC_NO_COMMON_BLOCKS = YES;
				GCC_OPTIMIZATION_LEVEL = 0;
				GCC_PREPROCESSOR_DEFINITIONS = (
					"DEBUG=1",
					"$(inherited)",
				);
				GCC_WARN_64_TO_32_BIT_CONVERSION = YES;
				GCC_WARN_ABOUT_RETURN_TYPE = YES_ERROR;
				GCC_WARN_UNDECLARED_SELECTOR = YES;
				GCC_WARN_UNINITIALIZED_AUTOS = YES_AGGRESSIVE;
				GCC_WARN_UNUSED_FUNCTION = YES;
				GCC_WARN_UNUSED_VARIABLE = YES;
				IPHONEOS_DEPLOYMENT_TARGET = 15.5;
				MTL_ENABLE_DEBUG_INFO = INCLUDE_SOURCE;
				MTL_FAST_MATH = YES;
				ONLY_ACTIVE_ARCH = YES;
				SDKROOT = iphoneos;
				SWIFT_ACTIVE_COMPILATION_CONDITIONS = DEBUG;
				SWIFT_OPTIMIZATION_LEVEL = "-Onone";
			};
			name = Debug;
		};
		56B01F8A2899A0CB006F54BF /* Release */ = {
			isa = XCBuildConfiguration;
			buildSettings = {
				ALWAYS_SEARCH_USER_PATHS = NO;
				CLANG_ANALYZER_NONNULL = YES;
				CLANG_ANALYZER_NUMBER_OBJECT_CONVERSION = YES_AGGRESSIVE;
				CLANG_CXX_LANGUAGE_STANDARD = "gnu++17";
				CLANG_ENABLE_MODULES = YES;
				CLANG_ENABLE_OBJC_ARC = YES;
				CLANG_ENABLE_OBJC_WEAK = YES;
				CLANG_WARN_BLOCK_CAPTURE_AUTORELEASING = YES;
				CLANG_WARN_BOOL_CONVERSION = YES;
				CLANG_WARN_COMMA = YES;
				CLANG_WARN_CONSTANT_CONVERSION = YES;
				CLANG_WARN_DEPRECATED_OBJC_IMPLEMENTATIONS = YES;
				CLANG_WARN_DIRECT_OBJC_ISA_USAGE = YES_ERROR;
				CLANG_WARN_DOCUMENTATION_COMMENTS = YES;
				CLANG_WARN_EMPTY_BODY = YES;
				CLANG_WARN_ENUM_CONVERSION = YES;
				CLANG_WARN_INFINITE_RECURSION = YES;
				CLANG_WARN_INT_CONVERSION = YES;
				CLANG_WARN_NON_LITERAL_NULL_CONVERSION = YES;
				CLANG_WARN_OBJC_IMPLICIT_RETAIN_SELF = YES;
				CLANG_WARN_OBJC_LITERAL_CONVERSION = YES;
				CLANG_WARN_OBJC_ROOT_CLASS = YES_ERROR;
				CLANG_WARN_QUOTED_INCLUDE_IN_FRAMEWORK_HEADER = YES;
				CLANG_WARN_RANGE_LOOP_ANALYSIS = YES;
				CLANG_WARN_STRICT_PROTOTYPES = YES;
				CLANG_WARN_SUSPICIOUS_MOVE = YES;
				CLANG_WARN_UNGUARDED_AVAILABILITY = YES_AGGRESSIVE;
				CLANG_WARN_UNREACHABLE_CODE = YES;
				CLANG_WARN__DUPLICATE_METHOD_MATCH = YES;
				COPY_PHASE_STRIP = NO;
				DEBUG_INFORMATION_FORMAT = "dwarf-with-dsym";
				ENABLE_NS_ASSERTIONS = NO;
				ENABLE_STRICT_OBJC_MSGSEND = YES;
				GCC_C_LANGUAGE_STANDARD = gnu11;
				GCC_NO_COMMON_BLOCKS = YES;
				GCC_WARN_64_TO_32_BIT_CONVERSION = YES;
				GCC_WARN_ABOUT_RETURN_TYPE = YES_ERROR;
				GCC_WARN_UNDECLARED_SELECTOR = YES;
				GCC_WARN_UNINITIALIZED_AUTOS = YES_AGGRESSIVE;
				GCC_WARN_UNUSED_FUNCTION = YES;
				GCC_WARN_UNUSED_VARIABLE = YES;
				IPHONEOS_DEPLOYMENT_TARGET = 15.5;
				MTL_ENABLE_DEBUG_INFO = NO;
				MTL_FAST_MATH = YES;
				SDKROOT = iphoneos;
				SWIFT_COMPILATION_MODE = wholemodule;
				SWIFT_OPTIMIZATION_LEVEL = "-O";
				VALIDATE_PRODUCT = YES;
			};
			name = Release;
		};
		56B01F8C2899A0CB006F54BF /* Debug */ = {
			isa = XCBuildConfiguration;
			buildSettings = {
				ASSETCATALOG_COMPILER_APPICON_NAME = AppIcon;
				ASSETCATALOG_COMPILER_GLOBAL_ACCENT_COLOR_NAME = AccentColor;
				CODE_SIGN_STYLE = Automatic;
				CURRENT_PROJECT_VERSION = 1;
				GENERATE_INFOPLIST_FILE = YES;
				INFOPLIST_FILE = suPort/Info.plist;
				INFOPLIST_KEY_UIApplicationSupportsIndirectInputEvents = YES;
				INFOPLIST_KEY_UILaunchStoryboardName = LaunchScreen;
				INFOPLIST_KEY_UIMainStoryboardFile = Main;
				INFOPLIST_KEY_UISupportedInterfaceOrientations_iPad = "UIInterfaceOrientationPortrait UIInterfaceOrientationPortraitUpsideDown UIInterfaceOrientationLandscapeLeft UIInterfaceOrientationLandscapeRight";
				INFOPLIST_KEY_UISupportedInterfaceOrientations_iPhone = "UIInterfaceOrientationPortrait UIInterfaceOrientationLandscapeLeft UIInterfaceOrientationLandscapeRight";
				LD_RUNPATH_SEARCH_PATHS = (
					"$(inherited)",
					"@executable_path/Frameworks",
				);
				MARKETING_VERSION = 1.0;
				PRODUCT_BUNDLE_IDENTIFIER = KWK.suPort;
				PRODUCT_NAME = "$(TARGET_NAME)";
				SWIFT_EMIT_LOC_STRINGS = YES;
				SWIFT_VERSION = 5.0;
				TARGETED_DEVICE_FAMILY = "1,2";
			};
			name = Debug;
		};
		56B01F8D2899A0CB006F54BF /* Release */ = {
			isa = XCBuildConfiguration;
			buildSettings = {
				ASSETCATALOG_COMPILER_APPICON_NAME = AppIcon;
				ASSETCATALOG_COMPILER_GLOBAL_ACCENT_COLOR_NAME = AccentColor;
				CODE_SIGN_STYLE = Automatic;
				CURRENT_PROJECT_VERSION = 1;
				GENERATE_INFOPLIST_FILE = YES;
				INFOPLIST_FILE = suPort/Info.plist;
				INFOPLIST_KEY_UIApplicationSupportsIndirectInputEvents = YES;
				INFOPLIST_KEY_UILaunchStoryboardName = LaunchScreen;
				INFOPLIST_KEY_UIMainStoryboardFile = Main;
				INFOPLIST_KEY_UISupportedInterfaceOrientations_iPad = "UIInterfaceOrientationPortrait UIInterfaceOrientationPortraitUpsideDown UIInterfaceOrientationLandscapeLeft UIInterfaceOrientationLandscapeRight";
				INFOPLIST_KEY_UISupportedInterfaceOrientations_iPhone = "UIInterfaceOrientationPortrait UIInterfaceOrientationLandscapeLeft UIInterfaceOrientationLandscapeRight";
				LD_RUNPATH_SEARCH_PATHS = (
					"$(inherited)",
					"@executable_path/Frameworks",
				);
				MARKETING_VERSION = 1.0;
				PRODUCT_BUNDLE_IDENTIFIER = KWK.suPort;
				PRODUCT_NAME = "$(TARGET_NAME)";
				SWIFT_EMIT_LOC_STRINGS = YES;
				SWIFT_VERSION = 5.0;
				TARGETED_DEVICE_FAMILY = "1,2";
			};
			name = Release;
		};
		56B01F8F2899A0CB006F54BF /* Debug */ = {
			isa = XCBuildConfiguration;
			buildSettings = {
				ALWAYS_EMBED_SWIFT_STANDARD_LIBRARIES = YES;
				BUNDLE_LOADER = "$(TEST_HOST)";
				CODE_SIGN_STYLE = Automatic;
				CURRENT_PROJECT_VERSION = 1;
				GENERATE_INFOPLIST_FILE = YES;
				IPHONEOS_DEPLOYMENT_TARGET = 15.5;
				MARKETING_VERSION = 1.0;
				PRODUCT_BUNDLE_IDENTIFIER = KWK.suPortTests;
				PRODUCT_NAME = "$(TARGET_NAME)";
				SWIFT_EMIT_LOC_STRINGS = NO;
				SWIFT_VERSION = 5.0;
				TARGETED_DEVICE_FAMILY = "1,2";
				TEST_HOST = "$(BUILT_PRODUCTS_DIR)/suPort.app/suPort";
			};
			name = Debug;
		};
		56B01F902899A0CB006F54BF /* Release */ = {
			isa = XCBuildConfiguration;
			buildSettings = {
				ALWAYS_EMBED_SWIFT_STANDARD_LIBRARIES = YES;
				BUNDLE_LOADER = "$(TEST_HOST)";
				CODE_SIGN_STYLE = Automatic;
				CURRENT_PROJECT_VERSION = 1;
				GENERATE_INFOPLIST_FILE = YES;
				IPHONEOS_DEPLOYMENT_TARGET = 15.5;
				MARKETING_VERSION = 1.0;
				PRODUCT_BUNDLE_IDENTIFIER = KWK.suPortTests;
				PRODUCT_NAME = "$(TARGET_NAME)";
				SWIFT_EMIT_LOC_STRINGS = NO;
				SWIFT_VERSION = 5.0;
				TARGETED_DEVICE_FAMILY = "1,2";
				TEST_HOST = "$(BUILT_PRODUCTS_DIR)/suPort.app/suPort";
			};
			name = Release;
		};
		56B01F922899A0CB006F54BF /* Debug */ = {
			isa = XCBuildConfiguration;
			buildSettings = {
				ALWAYS_EMBED_SWIFT_STANDARD_LIBRARIES = YES;
				CODE_SIGN_STYLE = Automatic;
				CURRENT_PROJECT_VERSION = 1;
				GENERATE_INFOPLIST_FILE = YES;
				MARKETING_VERSION = 1.0;
				PRODUCT_BUNDLE_IDENTIFIER = KWK.suPortUITests;
				PRODUCT_NAME = "$(TARGET_NAME)";
				SWIFT_EMIT_LOC_STRINGS = NO;
				SWIFT_VERSION = 5.0;
				TARGETED_DEVICE_FAMILY = "1,2";
				TEST_TARGET_NAME = suPort;
			};
			name = Debug;
		};
		56B01F932899A0CB006F54BF /* Release */ = {
			isa = XCBuildConfiguration;
			buildSettings = {
				ALWAYS_EMBED_SWIFT_STANDARD_LIBRARIES = YES;
				CODE_SIGN_STYLE = Automatic;
				CURRENT_PROJECT_VERSION = 1;
				GENERATE_INFOPLIST_FILE = YES;
				MARKETING_VERSION = 1.0;
				PRODUCT_BUNDLE_IDENTIFIER = KWK.suPortUITests;
				PRODUCT_NAME = "$(TARGET_NAME)";
				SWIFT_EMIT_LOC_STRINGS = NO;
				SWIFT_VERSION = 5.0;
				TARGETED_DEVICE_FAMILY = "1,2";
				TEST_TARGET_NAME = suPort;
			};
			name = Release;
		};
/* End XCBuildConfiguration section */

/* Begin XCConfigurationList section */
		56B01F592899A0CA006F54BF /* Build configuration list for PBXProject "suPort" */ = {
			isa = XCConfigurationList;
			buildConfigurations = (
				56B01F892899A0CB006F54BF /* Debug */,
				56B01F8A2899A0CB006F54BF /* Release */,
			);
			defaultConfigurationIsVisible = 0;
			defaultConfigurationName = Release;
		};
		56B01F8B2899A0CB006F54BF /* Build configuration list for PBXNativeTarget "suPort" */ = {
			isa = XCConfigurationList;
			buildConfigurations = (
				56B01F8C2899A0CB006F54BF /* Debug */,
				56B01F8D2899A0CB006F54BF /* Release */,
			);
			defaultConfigurationIsVisible = 0;
			defaultConfigurationName = Release;
		};
		56B01F8E2899A0CB006F54BF /* Build configuration list for PBXNativeTarget "suPortTests" */ = {
			isa = XCConfigurationList;
			buildConfigurations = (
				56B01F8F2899A0CB006F54BF /* Debug */,
				56B01F902899A0CB006F54BF /* Release */,
			);
			defaultConfigurationIsVisible = 0;
			defaultConfigurationName = Release;
		};
		56B01F912899A0CB006F54BF /* Build configuration list for PBXNativeTarget "suPortUITests" */ = {
			isa = XCConfigurationList;
			buildConfigurations = (
				56B01F922899A0CB006F54BF /* Debug */,
				56B01F932899A0CB006F54BF /* Release */,
			);
			defaultConfigurationIsVisible = 0;
			defaultConfigurationName = Release;
		};
/* End XCConfigurationList section */

/* Begin XCVersionGroup section */
		56B01F6A2899A0CA006F54BF /* suPort.xcdatamodeld */ = {
			isa = XCVersionGroup;
			children = (
				56B01F6B2899A0CA006F54BF /* suPort.xcdatamodel */,
			);
			currentVersion = 56B01F6B2899A0CA006F54BF /* suPort.xcdatamodel */;
			path = suPort.xcdatamodeld;
			sourceTree = "<group>";
			versionGroupType = wrapper.xcdatamodel;
		};
/* End XCVersionGroup section */
	};
	rootObject = 56B01F562899A0CA006F54BF /* Project object */;
}
